<Solution>
  <Project Path="SsoAdmin.API/SsoAdmin.API.csproj" />
  <Project Path="SsoAdmin.Application/SsoAdmin.Application.csproj" />
  <Project Path="SsoAdmin.Data/SsoAdmin.Data.csproj" />
  <Project Path="SsoAdmin.Models/SsoAdmin.Models.csproj" />
  <Project Path="SsoAdmin.Web/SsoAdmin.Web.csproj" />
</Solution>
